
Microsoft Visual Studio Solution File, Format Version 12.00
# Visual Studio Version 17
VisualStudioVersion = 17.0.32002.185
MinimumVisualStudioVersion = 10.0.40219.1
Project("{8BC9CEB8-8B4A-11D0-8D11-00A0C91BC942}") = "SecondDll", "SecondDll\SecondDll.vcxproj", "{B4480487-002D-4E2E-A7F1-E999260F883E}"
EndProject
Project("{9A19103F-16F7-4668-BE54-9A1E7A4F7556}") = "TCPGotm", "MyTCPServer\TCPGotm.csproj", "{6D993241-009F-491E-A72C-E8D2FA42BC2D}"
EndProject
Project("{9A19103F-16F7-4668-BE54-9A1E7A4F7556}") = "ConsoleUI", "ConsoleUI\ConsoleUI.csproj", "{F4AB1A5F-D7BF-442D-BFEE-DD2467A7D131}"
EndProject
Project("{8BC9CEB8-8B4A-11D0-8D11-00A0C91BC942}") = "ConsoleTcpClient", "ConsoleTcpClient\ConsoleTcpClient.vcxproj", "{7DE866E6-56C2-4513-8486-7E113F3709F8}"
EndProject
Project("{9A19103F-16F7-4668-BE54-9A1E7A4F7556}") = "Connectors", "Connectors\Connectors.csproj", "{E1DA7FDD-586F-4828-AFEB-E20E2C2727C6}"
EndProject
Project("{FAE04EC0-301F-11D3-BF4B-00C04F79EFBC}") = "CSharpAPI", "TwsIBClient\CSharpAPI.csproj", "{8EDE0744-96C2-40B0-A8DC-37DF79370203}"
EndProject
Project("{FAE04EC0-301F-11D3-BF4B-00C04F79EFBC}") = "WebUI", "WebUI\WebUI.csproj", "{C6516402-5F81-4241-BB94-66EEF2586C0F}"
EndProject
Global
	GlobalSection(SolutionConfigurationPlatforms) = preSolution
		Debug|Any CPU = Debug|Any CPU
		Debug|x64 = Debug|x64
		Debug|x86 = Debug|x86
		Release|Any CPU = Release|Any CPU
		Release|x64 = Release|x64
		Release|x86 = Release|x86
	EndGlobalSection
	GlobalSection(ProjectConfigurationPlatforms) = postSolution
		{B4480487-002D-4E2E-A7F1-E999260F883E}.Debug|Any CPU.ActiveCfg = Debug|Win32
		{B4480487-002D-4E2E-A7F1-E999260F883E}.Debug|x64.ActiveCfg = Debug|x64
		{B4480487-002D-4E2E-A7F1-E999260F883E}.Debug|x64.Build.0 = Debug|x64
		{B4480487-002D-4E2E-A7F1-E999260F883E}.Debug|x86.ActiveCfg = Debug|Win32
		{B4480487-002D-4E2E-A7F1-E999260F883E}.Debug|x86.Build.0 = Debug|Win32
		{B4480487-002D-4E2E-A7F1-E999260F883E}.Release|Any CPU.ActiveCfg = Release|Win32
		{B4480487-002D-4E2E-A7F1-E999260F883E}.Release|x64.ActiveCfg = Release|x64
		{B4480487-002D-4E2E-A7F1-E999260F883E}.Release|x64.Build.0 = Release|x64
		{B4480487-002D-4E2E-A7F1-E999260F883E}.Release|x86.ActiveCfg = Release|Win32
		{B4480487-002D-4E2E-A7F1-E999260F883E}.Release|x86.Build.0 = Release|Win32
		{6D993241-009F-491E-A72C-E8D2FA42BC2D}.Debug|Any CPU.ActiveCfg = Debug|Any CPU
		{6D993241-009F-491E-A72C-E8D2FA42BC2D}.Debug|Any CPU.Build.0 = Debug|Any CPU
		{6D993241-009F-491E-A72C-E8D2FA42BC2D}.Debug|x64.ActiveCfg = Debug|Any CPU
		{6D993241-009F-491E-A72C-E8D2FA42BC2D}.Debug|x64.Build.0 = Debug|Any CPU
		{6D993241-009F-491E-A72C-E8D2FA42BC2D}.Debug|x86.ActiveCfg = Debug|Any CPU
		{6D993241-009F-491E-A72C-E8D2FA42BC2D}.Debug|x86.Build.0 = Debug|Any CPU
		{6D993241-009F-491E-A72C-E8D2FA42BC2D}.Release|Any CPU.ActiveCfg = Release|Any CPU
		{6D993241-009F-491E-A72C-E8D2FA42BC2D}.Release|Any CPU.Build.0 = Release|Any CPU
		{6D993241-009F-491E-A72C-E8D2FA42BC2D}.Release|x64.ActiveCfg = Release|Any CPU
		{6D993241-009F-491E-A72C-E8D2FA42BC2D}.Release|x64.Build.0 = Release|Any CPU
		{6D993241-009F-491E-A72C-E8D2FA42BC2D}.Release|x86.ActiveCfg = Release|Any CPU
		{6D993241-009F-491E-A72C-E8D2FA42BC2D}.Release|x86.Build.0 = Release|Any CPU
		{F4AB1A5F-D7BF-442D-BFEE-DD2467A7D131}.Debug|Any CPU.ActiveCfg = Debug|Any CPU
		{F4AB1A5F-D7BF-442D-BFEE-DD2467A7D131}.Debug|Any CPU.Build.0 = Debug|Any CPU
		{F4AB1A5F-D7BF-442D-BFEE-DD2467A7D131}.Debug|x64.ActiveCfg = Debug|Any CPU
		{F4AB1A5F-D7BF-442D-BFEE-DD2467A7D131}.Debug|x64.Build.0 = Debug|Any CPU
		{F4AB1A5F-D7BF-442D-BFEE-DD2467A7D131}.Debug|x86.ActiveCfg = Debug|Any CPU
		{F4AB1A5F-D7BF-442D-BFEE-DD2467A7D131}.Debug|x86.Build.0 = Debug|Any CPU
		{F4AB1A5F-D7BF-442D-BFEE-DD2467A7D131}.Release|Any CPU.ActiveCfg = Release|Any CPU
		{F4AB1A5F-D7BF-442D-BFEE-DD2467A7D131}.Release|Any CPU.Build.0 = Release|Any CPU
		{F4AB1A5F-D7BF-442D-BFEE-DD2467A7D131}.Release|x64.ActiveCfg = Release|Any CPU
		{F4AB1A5F-D7BF-442D-BFEE-DD2467A7D131}.Release|x64.Build.0 = Release|Any CPU
		{F4AB1A5F-D7BF-442D-BFEE-DD2467A7D131}.Release|x86.ActiveCfg = Release|Any CPU
		{F4AB1A5F-D7BF-442D-BFEE-DD2467A7D131}.Release|x86.Build.0 = Release|Any CPU
		{7DE866E6-56C2-4513-8486-7E113F3709F8}.Debug|Any CPU.ActiveCfg = Debug|x64
		{7DE866E6-56C2-4513-8486-7E113F3709F8}.Debug|Any CPU.Build.0 = Debug|x64
		{7DE866E6-56C2-4513-8486-7E113F3709F8}.Debug|x64.ActiveCfg = Debug|x64
		{7DE866E6-56C2-4513-8486-7E113F3709F8}.Debug|x64.Build.0 = Debug|x64
		{7DE866E6-56C2-4513-8486-7E113F3709F8}.Debug|x86.ActiveCfg = Debug|Win32
		{7DE866E6-56C2-4513-8486-7E113F3709F8}.Debug|x86.Build.0 = Debug|Win32
		{7DE866E6-56C2-4513-8486-7E113F3709F8}.Release|Any CPU.ActiveCfg = Release|x64
		{7DE866E6-56C2-4513-8486-7E113F3709F8}.Release|Any CPU.Build.0 = Release|x64
		{7DE866E6-56C2-4513-8486-7E113F3709F8}.Release|x64.ActiveCfg = Release|x64
		{7DE866E6-56C2-4513-8486-7E113F3709F8}.Release|x64.Build.0 = Release|x64
		{7DE866E6-56C2-4513-8486-7E113F3709F8}.Release|x86.ActiveCfg = Release|Win32
		{7DE866E6-56C2-4513-8486-7E113F3709F8}.Release|x86.Build.0 = Release|Win32
		{E1DA7FDD-586F-4828-AFEB-E20E2C2727C6}.Debug|Any CPU.ActiveCfg = Debug|Any CPU
		{E1DA7FDD-586F-4828-AFEB-E20E2C2727C6}.Debug|Any CPU.Build.0 = Debug|Any CPU
		{E1DA7FDD-586F-4828-AFEB-E20E2C2727C6}.Debug|x64.ActiveCfg = Debug|Any CPU
		{E1DA7FDD-586F-4828-AFEB-E20E2C2727C6}.Debug|x64.Build.0 = Debug|Any CPU
		{E1DA7FDD-586F-4828-AFEB-E20E2C2727C6}.Debug|x86.ActiveCfg = Debug|Any CPU
		{E1DA7FDD-586F-4828-AFEB-E20E2C2727C6}.Debug|x86.Build.0 = Debug|Any CPU
		{E1DA7FDD-586F-4828-AFEB-E20E2C2727C6}.Release|Any CPU.ActiveCfg = Release|Any CPU
		{E1DA7FDD-586F-4828-AFEB-E20E2C2727C6}.Release|Any CPU.Build.0 = Release|Any CPU
		{E1DA7FDD-586F-4828-AFEB-E20E2C2727C6}.Release|x64.ActiveCfg = Release|Any CPU
		{E1DA7FDD-586F-4828-AFEB-E20E2C2727C6}.Release|x64.Build.0 = Release|Any CPU
		{E1DA7FDD-586F-4828-AFEB-E20E2C2727C6}.Release|x86.ActiveCfg = Release|Any CPU
		{E1DA7FDD-586F-4828-AFEB-E20E2C2727C6}.Release|x86.Build.0 = Release|Any CPU
		{8EDE0744-96C2-40B0-A8DC-37DF79370203}.Debug|Any CPU.ActiveCfg = Debug|Any CPU
		{8EDE0744-96C2-40B0-A8DC-37DF79370203}.Debug|Any CPU.Build.0 = Debug|Any CPU
		{8EDE0744-96C2-40B0-A8DC-37DF79370203}.Debug|x64.ActiveCfg = Debug|Any CPU
		{8EDE0744-96C2-40B0-A8DC-37DF79370203}.Debug|x64.Build.0 = Debug|Any CPU
		{8EDE0744-96C2-40B0-A8DC-37DF79370203}.Debug|x86.ActiveCfg = Debug|Any CPU
		{8EDE0744-96C2-40B0-A8DC-37DF79370203}.Debug|x86.Build.0 = Debug|Any CPU
		{8EDE0744-96C2-40B0-A8DC-37DF79370203}.Release|Any CPU.ActiveCfg = Release|Any CPU
		{8EDE0744-96C2-40B0-A8DC-37DF79370203}.Release|Any CPU.Build.0 = Release|Any CPU
		{8EDE0744-96C2-40B0-A8DC-37DF79370203}.Release|x64.ActiveCfg = Release|Any CPU
		{8EDE0744-96C2-40B0-A8DC-37DF79370203}.Release|x64.Build.0 = Release|Any CPU
		{8EDE0744-96C2-40B0-A8DC-37DF79370203}.Release|x86.ActiveCfg = Release|Any CPU
		{8EDE0744-96C2-40B0-A8DC-37DF79370203}.Release|x86.Build.0 = Release|Any CPU
		{C6516402-5F81-4241-BB94-66EEF2586C0F}.Debug|Any CPU.ActiveCfg = Debug|Any CPU
		{C6516402-5F81-4241-BB94-66EEF2586C0F}.Debug|Any CPU.Build.0 = Debug|Any CPU
		{C6516402-5F81-4241-BB94-66EEF2586C0F}.Debug|x64.ActiveCfg = Debug|Any CPU
		{C6516402-5F81-4241-BB94-66EEF2586C0F}.Debug|x64.Build.0 = Debug|Any CPU
		{C6516402-5F81-4241-BB94-66EEF2586C0F}.Debug|x86.ActiveCfg = Debug|Any CPU
		{C6516402-5F81-4241-BB94-66EEF2586C0F}.Debug|x86.Build.0 = Debug|Any CPU
		{C6516402-5F81-4241-BB94-66EEF2586C0F}.Release|Any CPU.ActiveCfg = Release|Any CPU
		{C6516402-5F81-4241-BB94-66EEF2586C0F}.Release|Any CPU.Build.0 = Release|Any CPU
		{C6516402-5F81-4241-BB94-66EEF2586C0F}.Release|x64.ActiveCfg = Release|Any CPU
		{C6516402-5F81-4241-BB94-66EEF2586C0F}.Release|x64.Build.0 = Release|Any CPU
		{C6516402-5F81-4241-BB94-66EEF2586C0F}.Release|x86.ActiveCfg = Release|Any CPU
		{C6516402-5F81-4241-BB94-66EEF2586C0F}.Release|x86.Build.0 = Release|Any CPU
	EndGlobalSection
	GlobalSection(SolutionProperties) = preSolution
		HideSolutionNode = FALSE
	EndGlobalSection
	GlobalSection(ExtensibilityGlobals) = postSolution
		SolutionGuid = {AD1AA815-F7D9-44BA-AEA2-461A4E7D47EB}
	EndGlobalSection
EndGlobal
